// !$*UTF8*$!
{
	archiveVersion = 1;
	classes = {
	};
	objectVersion = 56;
	objects = {

/* Begin PBXBuildFile section */
		841592382B0A80B1009F8154 /* Header.swift in Sources */ = {isa = PBXBuildFile; fileRef = 841592372B0A80B1009F8154 /* Header.swift */; };
		8415923A2B0A8769009F8154 /* ventas.swift in Sources */ = {isa = PBXBuildFile; fileRef = 841592392B0A8769009F8154 /* ventas.swift */; };
		8468E8772B0A7BBE00FCFEEE /* Parcial42509122018App.swift in Sources */ = {isa = PBXBuildFile; fileRef = 8468E8762B0A7BBE00FCFEEE /* Parcial42509122018App.swift */; };
		8468E8792B0A7BBE00FCFEEE /* ContentView.swift in Sources */ = {isa = PBXBuildFile; fileRef = 8468E8782B0A7BBE00FCFEEE /* ContentView.swift */; };
		8468E87B2B0A7BC100FCFEEE /* Assets.xcassets in Resources */ = {isa = PBXBuildFile; fileRef = 8468E87A2B0A7BC100FCFEEE /* Assets.xcassets */; };
		8468E87E2B0A7BC100FCFEEE /* Preview Assets.xcassets in Resources */ = {isa = PBXBuildFile; fileRef = 8468E87D2B0A7BC100FCFEEE /* Preview Assets.xcassets */; };
		8468E8882B0A7BC200FCFEEE /* Parcial42509122018Tests.swift in Sources */ = {isa = PBXBuildFile; fileRef = 8468E8872B0A7BC200FCFEEE /* Parcial42509122018Tests.swift */; };
		8468E8922B0A7BC200FCFEEE /* Parcial42509122018UITests.swift in Sources */ = {isa = PBXBuildFile; fileRef = 8468E8912B0A7BC200FCFEEE /* Parcial42509122018UITests.swift */; };
		8468E8942B0A7BC200FCFEEE /* Parcial42509122018UITestsLaunchTests.swift in Sources */ = {isa = PBXBuildFile; fileRef = 8468E8932B0A7BC200FCFEEE /* Parcial42509122018UITestsLaunchTests.swift */; };
		84AE2A262B0B0AA000416809 /* MenuSlider.swift in Sources */ = {isa = PBXBuildFile; fileRef = 84AE2A252B0B0AA000416809 /* MenuSlider.swift */; };
		84AE2A282B0B0C2200416809 /* MenuCard.swift in Sources */ = {isa = PBXBuildFile; fileRef = 84AE2A272B0B0C2200416809 /* MenuCard.swift */; };
/* End PBXBuildFile section */

/* Begin PBXContainerItemProxy section */
		8468E8842B0A7BC200FCFEEE /* PBXContainerItemProxy */ = {
			isa = PBXContainerItemProxy;
			containerPortal = 8468E86B2B0A7BBE00FCFEEE /* Project object */;
			proxyType = 1;
			remoteGlobalIDString = 8468E8722B0A7BBE00FCFEEE;
			remoteInfo = Parcial42509122018;
		};
		8468E88E2B0A7BC200FCFEEE /* PBXContainerItemProxy */ = {
			isa = PBXContainerItemProxy;
			containerPortal = 8468E86B2B0A7BBE00FCFEEE /* Project object */;
			proxyType = 1;
			remoteGlobalIDString = 8468E8722B0A7BBE00FCFEEE;
			remoteInfo = Parcial42509122018;
		};
/* End PBXContainerItemProxy section */

/* Begin PBXFileReference section */
		841592372B0A80B1009F8154 /* Header.swift */ = {isa = PBXFileReference; lastKnownFileType = sourcecode.swift; path = Header.swift; sourceTree = "<group>"; };
		841592392B0A8769009F8154 /* ventas.swift */ = {isa = PBXFileReference; lastKnownFileType = sourcecode.swift; path = ventas.swift; sourceTree = "<group>"; };
		8468E8732B0A7BBE00FCFEEE /* Parcial42509122018.app */ = {isa = PBXFileReference; explicitFileType = wrapper.application; includeInIndex = 0; path = Parcial42509122018.app; sourceTree = BUILT_PRODUCTS_DIR; };
		8468E8762B0A7BBE00FCFEEE /* Parcial42509122018App.swift */ = {isa = PBXFileReference; lastKnownFileType = sourcecode.swift; path = Parcial42509122018App.swift; sourceTree = "<group>"; };
		8468E8782B0A7BBE00FCFEEE /* ContentView.swift */ = {isa = PBXFileReference; lastKnownFileType = sourcecode.swift; path = ContentView.swift; sourceTree = "<group>"; };
		8468E87A2B0A7BC100FCFEEE /* Assets.xcassets */ = {isa = PBXFileReference; lastKnownFileType = folder.assetcatalog; path = Assets.xcassets; sourceTree = "<group>"; };
		8468E87D2B0A7BC100FCFEEE /* Preview Assets.xcassets */ = {isa = PBXFileReference; lastKnownFileType = folder.assetcatalog; path = "Preview Assets.xcassets"; sourceTree = "<group>"; };
		8468E8832B0A7BC200FCFEEE /* Parcial42509122018Tests.xctest */ = {isa = PBXFileReference; explicitFileType = wrapper.cfbundle; includeInIndex = 0; path = Parcial42509122018Tests.xctest; sourceTree = BUILT_PRODUCTS_DIR; };
		8468E8872B0A7BC200FCFEEE /* Parcial42509122018Tests.swift */ = {isa = PBXFileReference; lastKnownFileType = sourcecode.swift; path = Parcial42509122018Tests.swift; sourceTree = "<group>"; };
		8468E88D2B0A7BC200FCFEEE /* Parcial42509122018UITests.xctest */ = {isa = PBXFileReference; explicitFileType = wrapper.cfbundle; includeInIndex = 0; path = Parcial42509122018UITests.xctest; sourceTree = BUILT_PRODUCTS_DIR; };
		8468E8912B0A7BC200FCFEEE /* Parcial42509122018UITests.swift */ = {isa = PBXFileReference; lastKnownFileType = sourcecode.swift; path = Parcial42509122018UITests.swift; sourceTree = "<group>"; };
		8468E8932B0A7BC200FCFEEE /* Parcial42509122018UITestsLaunchTests.swift */ = {isa = PBXFileReference; lastKnownFileType = sourcecode.swift; path = Parcial42509122018UITestsLaunchTests.swift; sourceTree = "<group>"; };
		84AE2A252B0B0AA000416809 /* MenuSlider.swift */ = {isa = PBXFileReference; lastKnownFileType = sourcecode.swift; path = MenuSlider.swift; sourceTree = "<group>"; };
		84AE2A272B0B0C2200416809 /* MenuCard.swift */ = {isa = PBXFileReference; lastKnownFileType = sourcecode.swift; path = MenuCard.swift; sourceTree = "<group>"; };
/* End PBXFileReference section */

/* Begin PBXFrameworksBuildPhase section */
		8468E8702B0A7BBE00FCFEEE /* Frameworks */ = {
			isa = PBXFrameworksBuildPhase;
			buildActionMask = 2147483647;
			files = (
			);
			runOnlyForDeploymentPostprocessing = 0;
		};
		8468E8802B0A7BC200FCFEEE /* Frameworks */ = {
			isa = PBXFrameworksBuildPhase;
			buildActionMask = 2147483647;
			files = (
			);
			runOnlyForDeploymentPostprocessing = 0;
		};
		8468E88A2B0A7BC200FCFEEE /* Frameworks */ = {
			isa = PBXFrameworksBuildPhase;
			buildActionMask = 2147483647;
			files = (
			);
			runOnlyForDeploymentPostprocessing = 0;
		};
/* End PBXFrameworksBuildPhase section */

/* Begin PBXGroup section */
		8468E86A2B0A7BBE00FCFEEE = {
			isa = PBXGroup;
			children = (
				8468E8752B0A7BBE00FCFEEE /* Parcial42509122018 */,
				8468E8862B0A7BC200FCFEEE /* Parcial42509122018Tests */,
				8468E8902B0A7BC200FCFEEE /* Parcial42509122018UITests */,
				8468E8742B0A7BBE00FCFEEE /* Products */,
			);
			sourceTree = "<group>";
		};
		8468E8742B0A7BBE00FCFEEE /* Products */ = {
			isa = PBXGroup;
			children = (
				8468E8732B0A7BBE00FCFEEE /* Parcial42509122018.app */,
				8468E8832B0A7BC200FCFEEE /* Parcial42509122018Tests.xctest */,
				8468E88D2B0A7BC200FCFEEE /* Parcial42509122018UITests.xctest */,
			);
			name = Products;
			sourceTree = "<group>";
		};
		8468E8752B0A7BBE00FCFEEE /* Parcial42509122018 */ = {
			isa = PBXGroup;
			children = (
				8468E8762B0A7BBE00FCFEEE /* Parcial42509122018App.swift */,
				8468E8782B0A7BBE00FCFEEE /* ContentView.swift */,
				8468E87A2B0A7BC100FCFEEE /* Assets.xcassets */,
				8468E87C2B0A7BC100FCFEEE /* Preview Content */,
				841592372B0A80B1009F8154 /* Header.swift */,
				841592392B0A8769009F8154 /* ventas.swift */,
				84AE2A252B0B0AA000416809 /* MenuSlider.swift */,
				84AE2A272B0B0C2200416809 /* MenuCard.swift */,
			);
			path = Parcial42509122018;
			sourceTree = "<group>";
		};
		8468E87C2B0A7BC100FCFEEE /* Preview Content */ = {
			isa = PBXGroup;
			children = (
				8468E87D2B0A7BC100FCFEEE /* Preview Assets.xcassets */,
			);
			path = "Preview Content";
			sourceTree = "<group>";
		};
		8468E8862B0A7BC200FCFEEE /* Parcial42509122018Tests */ = {
			isa = PBXGroup;
			children = (
				8468E8872B0A7BC200FCFEEE /* Parcial42509122018Tests.swift */,
			);
			path = Parcial42509122018Tests;
			sourceTree = "<group>";
		};
		8468E8902B0A7BC200FCFEEE /* Parcial42509122018UITests */ = {
			isa = PBXGroup;
			children = (
				8468E8912B0A7BC200FCFEEE /* Parcial42509122018UITests.swift */,
				8468E8932B0A7BC200FCFEEE /* Parcial42509122018UITestsLaunchTests.swift */,
			);
			path = Parcial42509122018UITests;
			sourceTree = "<group>";
		};
/* End PBXGroup section */

/* Begin PBXNativeTarget section */
		8468E8722B0A7BBE00FCFEEE /* Parcial42509122018 */ = {
			isa = PBXNativeTarget;
			buildConfigurationList = 8468E8972B0A7BC200FCFEEE /* Build configuration list for PBXNativeTarget "Parcial42509122018" */;
			buildPhases = (
				8468E86F2B0A7BBE00FCFEEE /* Sources */,
				8468E8702B0A7BBE00FCFEEE /* Frameworks */,
				8468E8712B0A7BBE00FCFEEE /* Resources */,
			);
			buildRules = (
			);
			dependencies = (
			);
			name = Parcial42509122018;
			productName = Parcial42509122018;
			productReference = 8468E8732B0A7BBE00FCFEEE /* Parcial42509122018.app */;
			productType = "com.apple.product-type.application";
		};
		8468E8822B0A7BC200FCFEEE /* Parcial42509122018Tests */ = {
			isa = PBXNativeTarget;
			buildConfigurationList = 8468E89A2B0A7BC200FCFEEE /* Build configuration list for PBXNativeTarget "Parcial42509122018Tests" */;
			buildPhases = (
				8468E87F2B0A7BC200FCFEEE /* Sources */,
				8468E8802B0A7BC200FCFEEE /* Frameworks */,
				8468E8812B0A7BC200FCFEEE /* Resources */,
			);
			buildRules = (
			);
			dependencies = (
				8468E8852B0A7BC200FCFEEE /* PBXTargetDependency */,
			);
			name = Parcial42509122018Tests;
			productName = Parcial42509122018Tests;
			productReference = 8468E8832B0A7BC200FCFEEE /* Parcial42509122018Tests.xctest */;
			productType = "com.apple.product-type.bundle.unit-test";
		};
		8468E88C2B0A7BC200FCFEEE /* Parcial42509122018UITests */ = {
			isa = PBXNativeTarget;
			buildConfigurationList = 8468E89D2B0A7BC200FCFEEE /* Build configuration list for PBXNativeTarget "Parcial42509122018UITests" */;
			buildPhases = (
				8468E8892B0A7BC200FCFEEE /* Sources */,
				8468E88A2B0A7BC200FCFEEE /* Frameworks */,
				8468E88B2B0A7BC200FCFEEE /* Resources */,
			);
			buildRules = (
			);
			dependencies = (
				8468E88F2B0A7BC200FCFEEE /* PBXTargetDependency */,
			);
			name = Parcial42509122018UITests;
			productName = Parcial42509122018UITests;
			productReference = 8468E88D2B0A7BC200FCFEEE /* Parcial42509122018UITests.xctest */;
			productType = "com.apple.product-type.bundle.ui-testing";
		};
/* End PBXNativeTarget section */

/* Begin PBXProject section */
		8468E86B2B0A7BBE00FCFEEE /* Project object */ = {
			isa = PBXProject;
			attributes = {
				BuildIndependentTargetsInParallel = 1;
				LastSwiftUpdateCheck = 1420;
				LastUpgradeCheck = 1420;
				TargetAttributes = {
					8468E8722B0A7BBE00FCFEEE = {
						CreatedOnToolsVersion = 14.2;
					};
					8468E8822B0A7BC200FCFEEE = {
						CreatedOnToolsVersion = 14.2;
						TestTargetID = 8468E8722B0A7BBE00FCFEEE;
					};
					8468E88C2B0A7BC200FCFEEE = {
						CreatedOnToolsVersion = 14.2;
						TestTargetID = 8468E8722B0A7BBE00FCFEEE;
					};
				};
			};
			buildConfigurationList = 8468E86E2B0A7BBE00FCFEEE /* Build configuration list for PBXProject "Parcial42509122018" */;
			compatibilityVersion = "Xcode 14.0";
			developmentRegion = en;
			hasScannedForEncodings = 0;
			knownRegions = (
				en,
				Base,
			);
			mainGroup = 8468E86A2B0A7BBE00FCFEEE;
			productRefGroup = 8468E8742B0A7BBE00FCFEEE /* Products */;
			projectDirPath = "";
			projectRoot = "";
			targets = (
				8468E8722B0A7BBE00FCFEEE /* Parcial42509122018 */,
				8468E8822B0A7BC200FCFEEE /* Parcial42509122018Tests */,
				8468E88C2B0A7BC200FCFEEE /* Parcial42509122018UITests */,
			);
		};
/* End PBXProject section */

/* Begin PBXResourcesBuildPhase section */
		8468E8712B0A7BBE00FCFEEE /* Resources */ = {
			isa = PBXResourcesBuildPhase;
			buildActionMask = 2147483647;
			files = (
				8468E87E2B0A7BC100FCFEEE /* Preview Assets.xcassets in Resources */,
				8468E87B2B0A7BC100FCFEEE /* Assets.xcassets in Resources */,
			);
			runOnlyForDeploymentPostprocessing = 0;
		};
		8468E8812B0A7BC200FCFEEE /* Resources */ = {
			isa = PBXResourcesBuildPhase;
			buildActionMask = 2147483647;
			files = (
			);
			runOnlyForDeploymentPostprocessing = 0;
		};
		8468E88B2B0A7BC200FCFEEE /* Resources */ = {
			isa = PBXResourcesBuildPhase;
			buildActionMask = 2147483647;
			files = (
			);
			runOnlyForDeploymentPostprocessing = 0;
		};
/* End PBXResourcesBuildPhase section */

/* Begin PBXSourcesBuildPhase section */
		8468E86F2B0A7BBE00FCFEEE /* Sources */ = {
			isa = PBXSourcesBuildPhase;
			buildActionMask = 2147483647;
			files = (
				8415923A2B0A8769009F8154 /* ventas.swift in Sources */,
				8468E8792B0A7BBE00FCFEEE /* ContentView.swift in Sources */,
				84AE2A262B0B0AA000416809 /* MenuSlider.swift in Sources */,
				841592382B0A80B1009F8154 /* Header.swift in Sources */,
				84AE2A282B0B0C2200416809 /* MenuCard.swift in Sources */,
				8468E8772B0A7BBE00FCFEEE /* Parcial42509122018App.swift in Sources */,
			);
			runOnlyForDeploymentPostprocessing = 0;
		};
		8468E87F2B0A7BC200FCFEEE /* Sources */ = {
			isa = PBXSourcesBuildPhase;
			buildActionMask = 2147483647;
			files = (
				8468E8882B0A7BC200FCFEEE /* Parcial42509122018Tests.swift in Sources */,
			);
			runOnlyForDeploymentPostprocessing = 0;
		};
		8468E8892B0A7BC200FCFEEE /* Sources */ = {
			isa = PBXSourcesBuildPhase;
			buildActionMask = 2147483647;
			files = (
				8468E8942B0A7BC200FCFEEE /* Parcial42509122018UITestsLaunchTests.swift in Sources */,
				8468E8922B0A7BC200FCFEEE /* Parcial42509122018UITests.swift in Sources */,
			);
			runOnlyForDeploymentPostprocessing = 0;
		};
/* End PBXSourcesBuildPhase section */

/* Begin PBXTargetDependency section */
		8468E8852B0A7BC200FCFEEE /* PBXTargetDependency */ = {
			isa = PBXTargetDependency;
			target = 8468E8722B0A7BBE00FCFEEE /* Parcial42509122018 */;
			targetProxy = 8468E8842B0A7BC200FCFEEE /* PBXContainerItemProxy */;
		};
		8468E88F2B0A7BC200FCFEEE /* PBXTargetDependency */ = {
			isa = PBXTargetDependency;
			target = 8468E8722B0A7BBE00FCFEEE /* Parcial42509122018 */;
			targetProxy = 8468E88E2B0A7BC200FCFEEE /* PBXContainerItemProxy */;
		};
/* End PBXTargetDependency section */

/* Begin XCBuildConfiguration section */
		8468E8952B0A7BC200FCFEEE /* Debug */ = {
			isa = XCBuildConfiguration;
			buildSettings = {
				ALWAYS_SEARCH_USER_PATHS = NO;
				CLANG_ANALYZER_NONNULL = YES;
				CLANG_ANALYZER_NUMBER_OBJECT_CONVERSION = YES_AGGRESSIVE;
				CLANG_CXX_LANGUAGE_STANDARD = "gnu++20";
				CLANG_ENABLE_MODULES = YES;
				CLANG_ENABLE_OBJC_ARC = YES;
				CLANG_ENABLE_OBJC_WEAK = YES;
				CLANG_WARN_BLOCK_CAPTURE_AUTORELEASING = YES;
				CLANG_WARN_BOOL_CONVERSION = YES;
				CLANG_WARN_COMMA = YES;
				CLANG_WARN_CONSTANT_CONVERSION = YES;
				CLANG_WARN_DEPRECATED_OBJC_IMPLEMENTATIONS = YES;
				CLANG_WARN_DIRECT_OBJC_ISA_USAGE = YES_ERROR;
				CLANG_WARN_DOCUMENTATION_COMMENTS = YES;
				CLANG_WARN_EMPTY_BODY = YES;
				CLANG_WARN_ENUM_CONVERSION = YES;
				CLANG_WARN_INFINITE_RECURSION = YES;
				CLANG_WARN_INT_CONVERSION = YES;
				CLANG_WARN_NON_LITERAL_NULL_CONVERSION = YES;
				CLANG_WARN_OBJC_IMPLICIT_RETAIN_SELF = YES;
				CLANG_WARN_OBJC_LITERAL_CONVERSION = YES;
				CLANG_WARN_OBJC_ROOT_CLASS = YES_ERROR;
				CLANG_WARN_QUOTED_INCLUDE_IN_FRAMEWORK_HEADER = YES;
				CLANG_WARN_RANGE_LOOP_ANALYSIS = YES;
				CLANG_WARN_STRICT_PROTOTYPES = YES;
				CLANG_WARN_SUSPICIOUS_MOVE = YES;
				CLANG_WARN_UNGUARDED_AVAILABILITY = YES_AGGRESSIVE;
				CLANG_WARN_UNREACHABLE_CODE = YES;
				CLANG_WARN__DUPLICATE_METHOD_MATCH = YES;
				COPY_PHASE_STRIP = NO;
				DEBUG_INFORMATION_FORMAT = dwarf;
				ENABLE_STRICT_OBJC_MSGSEND = YES;
				ENABLE_TESTABILITY = YES;
				GCC_C_LANGUAGE_STANDARD = gnu11;
				GCC_DYNAMIC_NO_PIC = NO;
				GCC_NO_COMMON_BLOCKS = YES;
				GCC_OPTIMIZATION_LEVEL = 0;
				GCC_PREPROCESSOR_DEFINITIONS = (
					"DEBUG=1",
					"$(inherited)",
				);
				GCC_WARN_64_TO_32_BIT_CONVERSION = YES;
				GCC_WARN_ABOUT_RETURN_TYPE = YES_ERROR;
				GCC_WARN_UNDECLARED_SELECTOR = YES;
				GCC_WARN_UNINITIALIZED_AUTOS = YES_AGGRESSIVE;
				GCC_WARN_UNUSED_FUNCTION = YES;
				GCC_WARN_UNUSED_VARIABLE = YES;
				IPHONEOS_DEPLOYMENT_TARGET = 16.2;
				MTL_ENABLE_DEBUG_INFO = INCLUDE_SOURCE;
				MTL_FAST_MATH = YES;
				ONLY_ACTIVE_ARCH = YES;
				SDKROOT = iphoneos;
				SWIFT_ACTIVE_COMPILATION_CONDITIONS = DEBUG;
				SWIFT_OPTIMIZATION_LEVEL = "-Onone";
			};
			name = Debug;
		};
		8468E8962B0A7BC200FCFEEE /* Release */ = {
			isa = XCBuildConfiguration;
			buildSettings = {
				ALWAYS_SEARCH_USER_PATHS = NO;
				CLANG_ANALYZER_NONNULL = YES;
				CLANG_ANALYZER_NUMBER_OBJECT_CONVERSION = YES_AGGRESSIVE;
				CLANG_CXX_LANGUAGE_STANDARD = "gnu++20";
				CLANG_ENABLE_MODULES = YES;
				CLANG_ENABLE_OBJC_ARC = YES;
				CLANG_ENABLE_OBJC_WEAK = YES;
				CLANG_WARN_BLOCK_CAPTURE_AUTORELEASING = YES;
				CLANG_WARN_BOOL_CONVERSION = YES;
				CLANG_WARN_COMMA = YES;
				CLANG_WARN_CONSTANT_CONVERSION = YES;
				CLANG_WARN_DEPRECATED_OBJC_IMPLEMENTATIONS = YES;
				CLANG_WARN_DIRECT_OBJC_ISA_USAGE = YES_ERROR;
				CLANG_WARN_DOCUMENTATION_COMMENTS = YES;
				CLANG_WARN_EMPTY_BODY = YES;
				CLANG_WARN_ENUM_CONVERSION = YES;
				CLANG_WARN_INFINITE_RECURSION = YES;
				CLANG_WARN_INT_CONVERSION = YES;
				CLANG_WARN_NON_LITERAL_NULL_CONVERSION = YES;
				CLANG_WARN_OBJC_IMPLICIT_RETAIN_SELF = YES;
				CLANG_WARN_OBJC_LITERAL_CONVERSION = YES;
				CLANG_WARN_OBJC_ROOT_CLASS = YES_ERROR;
				CLANG_WARN_QUOTED_INCLUDE_IN_FRAMEWORK_HEADER = YES;
				CLANG_WARN_RANGE_LOOP_ANALYSIS = YES;
				CLANG_WARN_STRICT_PROTOTYPES = YES;
				CLANG_WARN_SUSPICIOUS_MOVE = YES;
				CLANG_WARN_UNGUARDED_AVAILABILITY = YES_AGGRESSIVE;
				CLANG_WARN_UNREACHABLE_CODE = YES;
				CLANG_WARN__DUPLICATE_METHOD_MATCH = YES;
				COPY_PHASE_STRIP = NO;
				DEBUG_INFORMATION_FORMAT = "dwarf-with-dsym";
				ENABLE_NS_ASSERTIONS = NO;
				ENABLE_STRICT_OBJC_MSGSEND = YES;
				GCC_C_LANGUAGE_STANDARD = gnu11;
				GCC_NO_COMMON_BLOCKS = YES;
				GCC_WARN_64_TO_32_BIT_CONVERSION = YES;
				GCC_WARN_ABOUT_RETURN_TYPE = YES_ERROR;
				GCC_WARN_UNDECLARED_SELECTOR = YES;
				GCC_WARN_UNINITIALIZED_AUTOS = YES_AGGRESSIVE;
				GCC_WARN_UNUSED_FUNCTION = YES;
				GCC_WARN_UNUSED_VARIABLE = YES;
				IPHONEOS_DEPLOYMENT_TARGET = 16.2;
				MTL_ENABLE_DEBUG_INFO = NO;
				MTL_FAST_MATH = YES;
				SDKROOT = iphoneos;
				SWIFT_COMPILATION_MODE = wholemodule;
				SWIFT_OPTIMIZATION_LEVEL = "-O";
				VALIDATE_PRODUCT = YES;
			};
			name = Release;
		};
		8468E8982B0A7BC200FCFEEE /* Debug */ = {
			isa = XCBuildConfiguration;
			buildSettings = {
				ASSETCATALOG_COMPILER_APPICON_NAME = AppIcon;
				ASSETCATALOG_COMPILER_GLOBAL_ACCENT_COLOR_NAME = AccentColor;
				CODE_SIGN_STYLE = Automatic;
				CURRENT_PROJECT_VERSION = 1;
				DEVELOPMENT_ASSET_PATHS = "\"Parcial42509122018/Preview Content\"";
				ENABLE_PREVIEWS = YES;
				GENERATE_INFOPLIST_FILE = YES;
				INFOPLIST_KEY_UIApplicationSceneManifest_Generation = YES;
				INFOPLIST_KEY_UIApplicationSupportsIndirectInputEvents = YES;
				INFOPLIST_KEY_UILaunchScreen_Generation = YES;
				INFOPLIST_KEY_UISupportedInterfaceOrientations_iPad = "UIInterfaceOrientationPortrait UIInterfaceOrientationPortraitUpsideDown UIInterfaceOrientationLandscapeLeft UIInterfaceOrientationLandscapeRight";
				INFOPLIST_KEY_UISupportedInterfaceOrientations_iPhone = "UIInterfaceOrientationPortrait UIInterfaceOrientationLandscapeLeft UIInterfaceOrientationLandscapeRight";
				LD_RUNPATH_SEARCH_PATHS = (
					"$(inherited)",
					"@executable_path/Frameworks",
				);
				MARKETING_VERSION = 1.0;
				PRODUCT_BUNDLE_IDENTIFIER = Utec.Parcial42509122018;
				PRODUCT_NAME = "$(TARGET_NAME)";
				SWIFT_EMIT_LOC_STRINGS = YES;
				SWIFT_VERSION = 5.0;
				TARGETED_DEVICE_FAMILY = "1,2";
			};
			name = Debug;
		};
		8468E8992B0A7BC200FCFEEE /* Release */ = {
			isa = XCBuildConfiguration;
			buildSettings = {
				ASSETCATALOG_COMPILER_APPICON_NAME = AppIcon;
				ASSETCATALOG_COMPILER_GLOBAL_ACCENT_COLOR_NAME = AccentColor;
				CODE_SIGN_STYLE = Automatic;
				CURRENT_PROJECT_VERSION = 1;
				DEVELOPMENT_ASSET_PATHS = "\"Parcial42509122018/Preview Content\"";
				ENABLE_PREVIEWS = YES;
				GENERATE_INFOPLIST_FILE = YES;
				INFOPLIST_KEY_UIApplicationSceneManifest_Generation = YES;
				INFOPLIST_KEY_UIApplicationSupportsIndirectInputEvents = YES;
				INFOPLIST_KEY_UILaunchScreen_Generation = YES;
				INFOPLIST_KEY_UISupportedInterfaceOrientations_iPad = "UIInterfaceOrientationPortrait UIInterfaceOrientationPortraitUpsideDown UIInterfaceOrientationLandscapeLeft UIInterfaceOrientationLandscapeRight";
				INFOPLIST_KEY_UISupportedInterfaceOrientations_iPhone = "UIInterfaceOrientationPortrait UIInterfaceOrientationLandscapeLeft UIInterfaceOrientationLandscapeRight";
				LD_RUNPATH_SEARCH_PATHS = (
					"$(inherited)",
					"@executable_path/Frameworks",
				);
				MARKETING_VERSION = 1.0;
				PRODUCT_BUNDLE_IDENTIFIER = Utec.Parcial42509122018;
				PRODUCT_NAME = "$(TARGET_NAME)";
				SWIFT_EMIT_LOC_STRINGS = YES;
				SWIFT_VERSION = 5.0;
				TARGETED_DEVICE_FAMILY = "1,2";
			};
			name = Release;
		};
		8468E89B2B0A7BC200FCFEEE /* Debug */ = {
			isa = XCBuildConfiguration;
			buildSettings = {
				ALWAYS_EMBED_SWIFT_STANDARD_LIBRARIES = YES;
				BUNDLE_LOADER = "$(TEST_HOST)";
				CODE_SIGN_STYLE = Automatic;
				CURRENT_PROJECT_VERSION = 1;
				GENERATE_INFOPLIST_FILE = YES;
				IPHONEOS_DEPLOYMENT_TARGET = 16.2;
				MARKETING_VERSION = 1.0;
				PRODUCT_BUNDLE_IDENTIFIER = Utec.Parcial42509122018Tests;
				PRODUCT_NAME = "$(TARGET_NAME)";
				SWIFT_EMIT_LOC_STRINGS = NO;
				SWIFT_VERSION = 5.0;
				TARGETED_DEVICE_FAMILY = "1,2";
				TEST_HOST = "$(BUILT_PRODUCTS_DIR)/Parcial42509122018.app/$(BUNDLE_EXECUTABLE_FOLDER_PATH)/Parcial42509122018";
			};
			name = Debug;
		};
		8468E89C2B0A7BC200FCFEEE /* Release */ = {
			isa = XCBuildConfiguration;
			buildSettings = {
				ALWAYS_EMBED_SWIFT_STANDARD_LIBRARIES = YES;
				BUNDLE_LOADER = "$(TEST_HOST)";
				CODE_SIGN_STYLE = Automatic;
				CURRENT_PROJECT_VERSION = 1;
				GENERATE_INFOPLIST_FILE = YES;
				IPHONEOS_DEPLOYMENT_TARGET = 16.2;
				MARKETING_VERSION = 1.0;
				PRODUCT_BUNDLE_IDENTIFIER = Utec.Parcial42509122018Tests;
				PRODUCT_NAME = "$(TARGET_NAME)";
				SWIFT_EMIT_LOC_STRINGS = NO;
				SWIFT_VERSION = 5.0;
				TARGETED_DEVICE_FAMILY = "1,2";
				TEST_HOST = "$(BUILT_PRODUCTS_DIR)/Parcial42509122018.app/$(BUNDLE_EXECUTABLE_FOLDER_PATH)/Parcial42509122018";
			};
			name = Release;
		};
		8468E89E2B0A7BC200FCFEEE /* Debug */ = {
			isa = XCBuildConfiguration;
			buildSettings = {
				ALWAYS_EMBED_SWIFT_STANDARD_LIBRARIES = YES;
				CODE_SIGN_STYLE = Automatic;
				CURRENT_PROJECT_VERSION = 1;
				GENERATE_INFOPLIST_FILE = YES;
				MARKETING_VERSION = 1.0;
				PRODUCT_BUNDLE_IDENTIFIER = Utec.Parcial42509122018UITests;
				PRODUCT_NAME = "$(TARGET_NAME)";
				SWIFT_EMIT_LOC_STRINGS = NO;
				SWIFT_VERSION = 5.0;
				TARGETED_DEVICE_FAMILY = "1,2";
				TEST_TARGET_NAME = Parcial42509122018;
			};
			name = Debug;
		};
		8468E89F2B0A7BC200FCFEEE /* Release */ = {
			isa = XCBuildConfiguration;
			buildSettings = {
				ALWAYS_EMBED_SWIFT_STANDARD_LIBRARIES = YES;
				CODE_SIGN_STYLE = Automatic;
				CURRENT_PROJECT_VERSION = 1;
				GENERATE_INFOPLIST_FILE = YES;
				MARKETING_VERSION = 1.0;
				PRODUCT_BUNDLE_IDENTIFIER = Utec.Parcial42509122018UITests;
				PRODUCT_NAME = "$(TARGET_NAME)";
				SWIFT_EMIT_LOC_STRINGS = NO;
				SWIFT_VERSION = 5.0;
				TARGETED_DEVICE_FAMILY = "1,2";
				TEST_TARGET_NAME = Parcial42509122018;
			};
			name = Release;
		};
/* End XCBuildConfiguration section */

/* Begin XCConfigurationList section */
		8468E86E2B0A7BBE00FCFEEE /* Build configuration list for PBXProject "Parcial42509122018" */ = {
			isa = XCConfigurationList;
			buildConfigurations = (
				8468E8952B0A7BC200FCFEEE /* Debug */,
				8468E8962B0A7BC200FCFEEE /* Release */,
			);
			defaultConfigurationIsVisible = 0;
			defaultConfigurationName = Release;
		};
		8468E8972B0A7BC200FCFEEE /* Build configuration list for PBXNativeTarget "Parcial42509122018" */ = {
			isa = XCConfigurationList;
			buildConfigurations = (
				8468E8982B0A7BC200FCFEEE /* Debug */,
				8468E8992B0A7BC200FCFEEE /* Release */,
			);
			defaultConfigurationIsVisible = 0;
			defaultConfigurationName = Release;
		};
		8468E89A2B0A7BC200FCFEEE /* Build configuration list for PBXNativeTarget "Parcial42509122018Tests" */ = {
			isa = XCConfigurationList;
			buildConfigurations = (
				8468E89B2B0A7BC200FCFEEE /* Debug */,
				8468E89C2B0A7BC200FCFEEE /* Release */,
			);
			defaultConfigurationIsVisible = 0;
			defaultConfigurationName = Release;
		};
		8468E89D2B0A7BC200FCFEEE /* Build configuration list for PBXNativeTarget "Parcial42509122018UITests" */ = {
			isa = XCConfigurationList;
			buildConfigurations = (
				8468E89E2B0A7BC200FCFEEE /* Debug */,
				8468E89F2B0A7BC200FCFEEE /* Release */,
			);
			defaultConfigurationIsVisible = 0;
			defaultConfigurationName = Release;
		};
/* End XCConfigurationList section */
	};
	rootObject = 8468E86B2B0A7BBE00FCFEEE /* Project object */;
}
